<?xml version="1.0" encoding="utf-8"?>
<Project ToolsVersion="4.0" xmlns="http://schemas.microsoft.com/developer/msbuild/2003">
  <ItemGroup>
    <Filter Include="lib">
      <UniqueIdentifier>{B9E744A2-E399-6F45-9732-A3160B569F0E}</UniqueIdentifier>
    </Filter>
    <Filter Include="lib\glfw">
      <UniqueIdentifier>{FCB03948-7941-4C48-A2D7-ACE6D91A2CA2}</UniqueIdentifier>
    </Filter>
    <Filter Include="lib\glfw\include">
      <UniqueIdentifier>{A6AFC199-D915-CE40-B626-BE83D8AEC9DF}</UniqueIdentifier>
    </Filter>
    <Filter Include="lib\glfw\include\GL">
      <UniqueIdentifier>{59084B3F-8E54-B742-B564-9D89F2A9AF34}</UniqueIdentifier>
    </Filter>
    <Filter Include="lib\glfw\lib">
      <UniqueIdentifier>{82A70140-5BE9-3C4B-84FB-C76BC9513714}</UniqueIdentifier>
    </Filter>
  </ItemGroup>
  <ItemGroup>
    <ClInclude Include="lib\glfw\include\GL\glfw.h">
      <Filter>lib\glfw\include\GL</Filter>
    </ClInclude>
  </ItemGroup>
  <ItemGroup>
    <ClCompile Include="lib\glfw\lib\clipboard.c">
      <Filter>lib\glfw\lib</Filter>
    </ClCompile>
    <ClCompile Include="lib\glfw\lib\context.c">
      <Filter>lib\glfw\lib</Filter>
    </ClCompile>
    <ClCompile Include="lib\glfw\lib\gamma.c">
      <Filter>lib\glfw\lib</Filter>
    </ClCompile>
    <ClCompile Include="lib\glfw\lib\init.c">
      <Filter>lib\glfw\lib</Filter>
    </ClCompile>
    <ClCompile Include="lib\glfw\lib\input.c">
      <Filter>lib\glfw\lib</Filter>
    </ClCompile>
    <ClCompile Include="lib\glfw\lib\joystick.c">
      <Filter>lib\glfw\lib</Filter>
    </ClCompile>
    <ClCompile Include="lib\glfw\lib\monitor.c">
      <Filter>lib\glfw\lib</Filter>
    </ClCompile>
    <ClCompile Include="lib\glfw\lib\time.c">
      <Filter>lib\glfw\lib</Filter>
    </ClCompile>
    <ClCompile Include="lib\glfw\lib\wgl_context.c">
      <Filter>lib\glfw\lib</Filter>
    </ClCompile>
    <ClCompile Include="lib\glfw\lib\win32_clipboard.c">
      <Filter>lib\glfw\lib</Filter>
    </ClCompile>
    <ClCompile Include="lib\glfw\lib\win32_gamma.c">
      <Filter>lib\glfw\lib</Filter>
    </ClCompile>
    <ClCompile Include="lib\glfw\lib\win32_init.c">
      <Filter>lib\glfw\lib</Filter>
    </ClCompile>
    <ClCompile Include="lib\glfw\lib\win32_joystick.c">
      <Filter>lib\glfw\lib</Filter>
    </ClCompile>
    <ClCompile Include="lib\glfw\lib\win32_monitor.c">
      <Filter>lib\glfw\lib</Filter>
    </ClCompile>
    <ClCompile Include="lib\glfw\lib\win32_time.c">
      <Filter>lib\glfw\lib</Filter>
    </ClCompile>
    <ClCompile Include="lib\glfw\lib\win32_window.c">
      <Filter>lib\glfw\lib</Filter>
    </ClCompile>
    <ClCompile Include="lib\glfw\lib\window.c">
      <Filter>lib\glfw\lib</Filter>
    </ClCompile>
  </ItemGroup>
</Project>
